{
  "lockfileVersion": 1,
  "configVersion": 0,
  "workspaces": {
    "": {
      "name": "lexicon-openapi-generator",
      "dependencies": {
        "@atproto/lexicon": "^0.6.1",
        "ejs": "^3.1.10",
        "openapi-types": "^12.1.3",
      },
      "devDependencies": {
        "@biomejs/biome": "2.3.8",
        "@types/bun": "latest",
        "lefthook": "^2.0.8",
      },
      "peerDependencies": {
        "typescript": "^5",
      },
    },
  },
  "packages": {
    "@atproto/common-web": ["@atproto/common-web@0.4.17", "", { "dependencies": { "@atproto/lex-data": "^0.0.12", "@atproto/lex-json": "^0.0.12", "@atproto/syntax": "^0.4.3", "zod": "^3.23.8" } }, "sha512-sfxD8NGxyoxhxmM9EUshEFbWcJ3+JHEOZF4Quk6HsCh1UxpHBmLabT/vEsAkDWl+C/8U0ine0+c/gHyE/OZiQQ=="],

    "@atproto/lex-data": ["@atproto/lex-data@0.0.12", "", { "dependencies": { "multiformats": "^9.9.0", "tslib": "^2.8.1", "uint8arrays": "3.0.0", "unicode-segmenter": "^0.14.0" } }, "sha512-aekJudcK1p6sbTqUv2bJMJBAGZaOJS0mgDclpK3U6VuBREK/au4B6ffunBFWgrDfg0Vwj2JGyEA7E51WZkJcRw=="],

    "@atproto/lex-json": ["@atproto/lex-json@0.0.12", "", { "dependencies": { "@atproto/lex-data": "^0.0.12", "tslib": "^2.8.1" } }, "sha512-XlEpnWWZdDJ5BIgG25GyH+6iBfyrFL18BI5JSE6rUfMObbFMrQRaCuRLQfryRXNysVz3L3U+Qb9y8KcXbE8AcA=="],

    "@atproto/lexicon": ["@atproto/lexicon@0.6.1", "", { "dependencies": { "@atproto/common-web": "^0.4.13", "@atproto/syntax": "^0.4.3", "iso-datestring-validator": "^2.2.2", "multiformats": "^9.9.0", "zod": "^3.23.8" } }, "sha512-/vI1kVlY50Si+5MXpvOucelnYwb0UJ6Qto5mCp+7Q5C+Jtp+SoSykAPVvjVtTnQUH2vrKOFOwpb3C375vSKzXw=="],

    "@atproto/syntax": ["@atproto/syntax@0.4.3", "", { "dependencies": { "tslib": "^2.8.1" } }, "sha512-YoZUz40YAJr5nPwvCDWgodEOlt5IftZqPJvA0JDWjuZKD8yXddTwSzXSaKQAzGOpuM+/A3uXRtPzJJqlScc+iA=="],

    "@biomejs/biome": ["@biomejs/biome@2.3.8", "", { "optionalDependencies": { "@biomejs/cli-darwin-arm64": "2.3.8", "@biomejs/cli-darwin-x64": "2.3.8", "@biomejs/cli-linux-arm64": "2.3.8", "@biomejs/cli-linux-arm64-musl": "2.3.8", "@biomejs/cli-linux-x64": "2.3.8", "@biomejs/cli-linux-x64-musl": "2.3.8", "@biomejs/cli-win32-arm64": "2.3.8", "@biomejs/cli-win32-x64": "2.3.8" }, "bin": { "biome": "bin/biome" } }, "sha512-Qjsgoe6FEBxWAUzwFGFrB+1+M8y/y5kwmg5CHac+GSVOdmOIqsAiXM5QMVGZJ1eCUCLlPZtq4aFAQ0eawEUuUA=="],

    "@biomejs/cli-darwin-arm64": ["@biomejs/cli-darwin-arm64@2.3.8", "", { "os": "darwin", "cpu": "arm64" }, "sha512-HM4Zg9CGQ3txTPflxD19n8MFPrmUAjaC7PQdLkugeeC0cQ+PiVrd7i09gaBS/11QKsTDBJhVg85CEIK9f50Qww=="],

    "@biomejs/cli-darwin-x64": ["@biomejs/cli-darwin-x64@2.3.8", "", { "os": "darwin", "cpu": "x64" }, "sha512-lUDQ03D7y/qEao7RgdjWVGCu+BLYadhKTm40HkpJIi6kn8LSv5PAwRlew/DmwP4YZ9ke9XXoTIQDO1vAnbRZlA=="],

    "@biomejs/cli-linux-arm64": ["@biomejs/cli-linux-arm64@2.3.8", "", { "os": "linux", "cpu": "arm64" }, "sha512-Uo1OJnIkJgSgF+USx970fsM/drtPcQ39I+JO+Fjsaa9ZdCN1oysQmy6oAGbyESlouz+rzEckLTF6DS7cWse95g=="],

    "@biomejs/cli-linux-arm64-musl": ["@biomejs/cli-linux-arm64-musl@2.3.8", "", { "os": "linux", "cpu": "arm64" }, "sha512-PShR4mM0sjksUMyxbyPNMxoKFPVF48fU8Qe8Sfx6w6F42verbwRLbz+QiKNiDPRJwUoMG1nPM50OBL3aOnTevA=="],

    "@biomejs/cli-linux-x64": ["@biomejs/cli-linux-x64@2.3.8", "", { "os": "linux", "cpu": "x64" }, "sha512-QDPMD5bQz6qOVb3kiBui0zKZXASLo0NIQ9JVJio5RveBEFgDgsvJFUvZIbMbUZT3T00M/1wdzwWXk4GIh0KaAw=="],

    "@biomejs/cli-linux-x64-musl": ["@biomejs/cli-linux-x64-musl@2.3.8", "", { "os": "linux", "cpu": "x64" }, "sha512-YGLkqU91r1276uwSjiUD/xaVikdxgV1QpsicT0bIA1TaieM6E5ibMZeSyjQ/izBn4tKQthUSsVZacmoJfa3pDA=="],

    "@biomejs/cli-win32-arm64": ["@biomejs/cli-win32-arm64@2.3.8", "", { "os": "win32", "cpu": "arm64" }, "sha512-H4IoCHvL1fXKDrTALeTKMiE7GGWFAraDwBYFquE/L/5r1927Te0mYIGseXi4F+lrrwhSWbSGt5qPFswNoBaCxg=="],

    "@biomejs/cli-win32-x64": ["@biomejs/cli-win32-x64@2.3.8", "", { "os": "win32", "cpu": "x64" }, "sha512-RguzimPoZWtBapfKhKjcWXBVI91tiSprqdBYu7tWhgN8pKRZhw24rFeNZTNf6UiBfjCYCi9eFQs/JzJZIhuK4w=="],

    "@types/bun": ["@types/bun@1.3.3", "", { "dependencies": { "bun-types": "1.3.3" } }, "sha512-ogrKbJ2X5N0kWLLFKeytG0eHDleBYtngtlbu9cyBKFtNL3cnpDZkNdQj8flVf6WTZUX5ulI9AY1oa7ljhSrp+g=="],

    "@types/node": ["@types/node@24.10.1", "", { "dependencies": { "undici-types": "~7.16.0" } }, "sha512-GNWcUTRBgIRJD5zj+Tq0fKOJ5XZajIiBroOF0yvj2bSU1WvNdYS/dn9UxwsujGW4JX06dnHyjV2y9rRaybH0iQ=="],

    "async": ["async@3.2.6", "", {}, "sha512-htCUDlxyyCLMgaM3xXg0C0LW2xqfuQ6p05pCEIsXuyQ+a1koYKTuBMzRNwmybfLgvJDMd0r1LTn4+E0Ti6C2AA=="],

    "balanced-match": ["balanced-match@1.0.2", "", {}, "sha512-3oSeUO0TMV67hN1AmbXsK4yaqU7tjiHlbxRDZOpH0KW9+CeX4bRAaX0Anxt0tx2MrpRpWwQaPwIlISEJhYU5Pw=="],

    "brace-expansion": ["brace-expansion@2.0.2", "", { "dependencies": { "balanced-match": "^1.0.0" } }, "sha512-Jt0vHyM+jmUBqojB7E1NIYadt0vI0Qxjxd2TErW94wDz+E2LAm5vKMXXwg6ZZBTHPuUlDgQHKXvjGBdfcF1ZDQ=="],

    "bun-types": ["bun-types@1.3.3", "", { "dependencies": { "@types/node": "*" } }, "sha512-z3Xwlg7j2l9JY27x5Qn3Wlyos8YAp0kKRlrePAOjgjMGS5IG6E7Jnlx736vH9UVI4wUICwwhC9anYL++XeOgTQ=="],

    "ejs": ["ejs@3.1.10", "", { "dependencies": { "jake": "^10.8.5" }, "bin": { "ejs": "bin/cli.js" } }, "sha512-UeJmFfOrAQS8OJWPZ4qtgHyWExa088/MtK5UEyoJGFH67cDEXkZSviOiKRCZ4Xij0zxI3JECgYs3oKx+AizQBA=="],

    "filelist": ["filelist@1.0.6", "", { "dependencies": { "minimatch": "^5.0.1" } }, "sha512-5giy2PkLYY1cP39p17Ech+2xlpTRL9HLspOfEgm0L6CwBXBTgsK5ou0JtzYuepxkaQ/tvhCFIJ5uXo0OrM2DxA=="],

    "iso-datestring-validator": ["iso-datestring-validator@2.2.2", "", {}, "sha512-yLEMkBbLZTlVQqOnQ4FiMujR6T4DEcCb1xizmvXS+OxuhwcbtynoosRzdMA69zZCShCNAbi+gJ71FxZBBXx1SA=="],

    "jake": ["jake@10.9.4", "", { "dependencies": { "async": "^3.2.6", "filelist": "^1.0.4", "picocolors": "^1.1.1" }, "bin": { "jake": "bin/cli.js" } }, "sha512-wpHYzhxiVQL+IV05BLE2Xn34zW1S223hvjtqk0+gsPrwd/8JNLXJgZZM/iPFsYc1xyphF+6M6EvdE5E9MBGkDA=="],

    "lefthook": ["lefthook@2.0.8", "", { "optionalDependencies": { "lefthook-darwin-arm64": "2.0.8", "lefthook-darwin-x64": "2.0.8", "lefthook-freebsd-arm64": "2.0.8", "lefthook-freebsd-x64": "2.0.8", "lefthook-linux-arm64": "2.0.8", "lefthook-linux-x64": "2.0.8", "lefthook-openbsd-arm64": "2.0.8", "lefthook-openbsd-x64": "2.0.8", "lefthook-windows-arm64": "2.0.8", "lefthook-windows-x64": "2.0.8" }, "bin": { "lefthook": "bin/index.js" } }, "sha512-FozDCKeSI+m3BP0cvyPgHch+yf7ClS3hDy1JsRUrbNmlyjqBcmlygnRXsZzpH+wHoNnF2fmfhJhkx/7S7IpaVw=="],

    "lefthook-darwin-arm64": ["lefthook-darwin-arm64@2.0.8", "", { "os": "darwin", "cpu": "arm64" }, "sha512-Nu52qmqhSP+DKKuKYKDkMkPbgvgTZv+ueEo1LVXidTcgxEwvrbe2balcdqdulQTsPfYtm3pCPvv8ikalHrH+Qg=="],

    "lefthook-darwin-x64": ["lefthook-darwin-x64@2.0.8", "", { "os": "darwin", "cpu": "x64" }, "sha512-EGNBw1vuXzphs/KyDchkglwnYNkKQH3EpptIPXcQCRC3WKiz87PSrwkOxjGtgDg6nLYWru3YUzgcFrIGUXjWPw=="],

    "lefthook-freebsd-arm64": ["lefthook-freebsd-arm64@2.0.8", "", { "os": "freebsd", "cpu": "arm64" }, "sha512-ZPua6y7y7l/0PpMJhU1ZAt4jl0dC3F+EGlSzy9v0vqzyoixk0HRqsz9nxN7wmJo/5vHhHJBjsE5/sEYS9Z8tsQ=="],

    "lefthook-freebsd-x64": ["lefthook-freebsd-x64@2.0.8", "", { "os": "freebsd", "cpu": "x64" }, "sha512-ab9M5gCsMeYzOeBoHIOz+zyVSnEZowwV2jn3Am+x625ZNcqU0T3eNf+a7ppopvkQjrehfmO3y5HiMVAkSAs1Vw=="],

    "lefthook-linux-arm64": ["lefthook-linux-arm64@2.0.8", "", { "os": "linux", "cpu": "arm64" }, "sha512-BaoUKmwnAbWssSwVHoA0HyJFX3m+Mp6xJhxD4YAu8H1mo8DNOWBG5J7DGXJRIiBTm6YjAXlerq8Pjfx4lycfYQ=="],

    "lefthook-linux-x64": ["lefthook-linux-x64@2.0.8", "", { "os": "linux", "cpu": "x64" }, "sha512-oNXcoGWsGy/U9gqE6PJpLtiNlGlAgoYtVmfc2gauNPRJehaQBaifD5/5aXPiWhRukUTQ1p9kuShFDpT2jOYn5Q=="],

    "lefthook-openbsd-arm64": ["lefthook-openbsd-arm64@2.0.8", "", { "os": "openbsd", "cpu": "arm64" }, "sha512-pxUgnilqsnDEWF7J5uNViHJ+Q4gSEQbRbrcIEdluBzjW34E20WK4UPk0bxZDQZAeaXTubNQEvyafmfY7dWe4Gg=="],

    "lefthook-openbsd-x64": ["lefthook-openbsd-x64@2.0.8", "", { "os": "openbsd", "cpu": "x64" }, "sha512-p50cpkWImLwU330JJuJaioNVT1X/Z56iqPOLEgBt2+1BlljmPe/eGrMArF4iIKfdZ4wFJ9f2h0gq+jyvQGFjSg=="],

    "lefthook-windows-arm64": ["lefthook-windows-arm64@2.0.8", "", { "os": "win32", "cpu": "arm64" }, "sha512-dStshOCvmg9sQSUmWNiLMLv52HFTVxC9JE2HGxCiHcK5oqVZS2v9cCZdFdiDZ1Xldi3ozLi2y7/Xpzul8Oqv5Q=="],

    "lefthook-windows-x64": ["lefthook-windows-x64@2.0.8", "", { "os": "win32", "cpu": "x64" }, "sha512-2YgT6feliy6CCDwbkT3pg1ylKD1b9lj+O5NdLsrxvZGRmO6ftXleWB4xfWKGGY8FrzAD2Y3eEVDv5n3NvGHDzw=="],

    "minimatch": ["minimatch@5.1.9", "", { "dependencies": { "brace-expansion": "^2.0.1" } }, "sha512-7o1wEA2RyMP7Iu7GNba9vc0RWWGACJOCZBJX2GJWip0ikV+wcOsgVuY9uE8CPiyQhkGFSlhuSkZPavN7u1c2Fw=="],

    "multiformats": ["multiformats@9.9.0", "", {}, "sha512-HoMUjhH9T8DDBNT+6xzkrd9ga/XiBI4xLr58LJACwK6G3HTOPeMz4nB4KJs33L2BelrIJa7P0VuNaVF3hMYfjg=="],

    "openapi-types": ["openapi-types@12.1.3", "", {}, "sha512-N4YtSYJqghVu4iek2ZUvcN/0aqH1kRDuNqzcycDxhOUpg7GdvLa2F3DgS6yBNhInhv2r/6I0Flkn7CqL8+nIcw=="],

    "picocolors": ["picocolors@1.1.1", "", {}, "sha512-xceH2snhtb5M9liqDsmEw56le376mTZkEX/jEb/RxNFyegNul7eNslCXP9FDj/Lcu0X8KEyMceP2ntpaHrDEVA=="],

    "tslib": ["tslib@2.8.1", "", {}, "sha512-oJFu94HQb+KVduSUQL7wnpmqnfmLsOA/nAh6b6EH0wCEoK0/mPeXU6c3wKDV83MkOuHPRHtSXKKU99IBazS/2w=="],

    "typescript": ["typescript@5.9.3", "", { "bin": { "tsc": "bin/tsc", "tsserver": "bin/tsserver" } }, "sha512-jl1vZzPDinLr9eUt3J/t7V6FgNEw9QjvBPdysz9KfQDD41fQrC2Y4vKQdiaUpFT4bXlb1RHhLpp8wtm6M5TgSw=="],

    "uint8arrays": ["uint8arrays@3.0.0", "", { "dependencies": { "multiformats": "^9.4.2" } }, "sha512-HRCx0q6O9Bfbp+HHSfQQKD7wU70+lydKVt4EghkdOvlK/NlrF90z+eXV34mUd48rNvVJXwkrMSPpCATkct8fJA=="],

    "undici-types": ["undici-types@7.16.0", "", {}, "sha512-Zz+aZWSj8LE6zoxD+xrjh4VfkIG8Ya6LvYkZqtUQGJPZjYl53ypCaUwWqo7eI0x66KBGeRo+mlBEkMSeSZ38Nw=="],

    "unicode-segmenter": ["unicode-segmenter@0.14.1", "", {}, "sha512-yHedxlEpUyD+u1UE8qAuCMXVdMLn7yUdlmd8WN7FGmO1ICnpE7LJfnmuXBB+T0zkie3qHsy8fSucqceI/MylOg=="],

    "zod": ["zod@3.25.76", "", {}, "sha512-gzUt/qt81nXsFGKIFcC3YnfEAx5NkunCfnDlvuBSSFS02bcXu4Lmea0AFIUwbLWxWPx3d9p8S5QoaujKcNQxcQ=="],
  }
}
